
Microsoft Visual Studio Solution File, Format Version 12.00
# Visual Studio Version 17
VisualStudioVersion = 17.0.32112.339
MinimumVisualStudioVersion = 10.0.40219.1
Project("{FAE04EC0-301F-11D3-BF4B-00C04F79EFBC}") = "JairoGarcia_Examen3", "JairoGarcia_Examen3\JairoGarcia_Examen3.csproj", "{D3ADAF3B-86FF-49FC-A501-AFAA70140CCD}"
EndProject
Project("{FAE04EC0-301F-11D3-BF4B-00C04F79EFBC}") = "Datos", "Datos\Datos.csproj", "{5B8C91C5-A9B3-406C-9286-03624CCB75E6}"
EndProject
Project("{FAE04EC0-301F-11D3-BF4B-00C04F79EFBC}") = "Modelos", "Modelos\Modelos.csproj", "{36E75965-20A0-4D1C-8921-066184AF2DEE}"
EndProject
Global
	GlobalSection(SolutionConfigurationPlatforms) = preSolution
		Debug|Any CPU = Debug|Any CPU
		Release|Any CPU = Release|Any CPU
	EndGlobalSection
	GlobalSection(ProjectConfigurationPlatforms) = postSolution
		{D3ADAF3B-86FF-49FC-A501-AFAA70140CCD}.Debug|Any CPU.ActiveCfg = Debug|Any CPU
		{D3ADAF3B-86FF-49FC-A501-AFAA70140CCD}.Debug|Any CPU.Build.0 = Debug|Any CPU
		{D3ADAF3B-86FF-49FC-A501-AFAA70140CCD}.Release|Any CPU.ActiveCfg = Release|Any CPU
		{D3ADAF3B-86FF-49FC-A501-AFAA70140CCD}.Release|Any CPU.Build.0 = Release|Any CPU
		{5B8C91C5-A9B3-406C-9286-03624CCB75E6}.Debug|Any CPU.ActiveCfg = Debug|Any CPU
		{5B8C91C5-A9B3-406C-9286-03624CCB75E6}.Debug|Any CPU.Build.0 = Debug|Any CPU
		{5B8C91C5-A9B3-406C-9286-03624CCB75E6}.Release|Any CPU.ActiveCfg = Release|Any CPU
		{5B8C91C5-A9B3-406C-9286-03624CCB75E6}.Release|Any CPU.Build.0 = Release|Any CPU
		{36E75965-20A0-4D1C-8921-066184AF2DEE}.Debug|Any CPU.ActiveCfg = Debug|Any CPU
		{36E75965-20A0-4D1C-8921-066184AF2DEE}.Debug|Any CPU.Build.0 = Debug|Any CPU
		{36E75965-20A0-4D1C-8921-066184AF2DEE}.Release|Any CPU.ActiveCfg = Release|Any CPU
		{36E75965-20A0-4D1C-8921-066184AF2DEE}.Release|Any CPU.Build.0 = Release|Any CPU
	EndGlobalSection
	GlobalSection(SolutionProperties) = preSolution
		HideSolutionNode = FALSE
	EndGlobalSection
	GlobalSection(ExtensibilityGlobals) = postSolution
		SolutionGuid = {DC3E317E-FA70-47AF-9AEA-31D14C64F9D6}
	EndGlobalSection
EndGlobal
